<?xml version="1.0" encoding="utf-8"?>
<Project ToolsVersion="4.0" xmlns="http://schemas.microsoft.com/developer/msbuild/2003">
  <ItemGroup>
    <Filter Include="assets">
      <UniqueIdentifier>{583885F2-44DA-AFC8-2D95-C31C19D63619}</UniqueIdentifier>
    </Filter>
    <Filter Include="assets\fonts">
      <UniqueIdentifier>{B114ABAA-9D77-3A4F-46FD-7205323F06D2}</UniqueIdentifier>
    </Filter>
    <Filter Include="assets\fonts\Bitcount">
      <UniqueIdentifier>{6839F96D-D4A5-B468-9D99-4CC609C5D6D0}</UniqueIdentifier>
    </Filter>
    <Filter Include="assets\fonts\Bitcount\static">
      <UniqueIdentifier>{BF429AB5-ABFD-8961-54B5-02AC404FD4F1}</UniqueIdentifier>
    </Filter>
    <Filter Include="assets\fonts\Story_Script">
      <UniqueIdentifier>{75F3A4E8-E1B5-D872-2A66-67FF9667B150}</UniqueIdentifier>
    </Filter>
    <Filter Include="assets\game">
      <UniqueIdentifier>{21D55ABF-8D8A-D3B4-167F-CD8B8233CAB8}</UniqueIdentifier>
    </Filter>
    <Filter Include="assets\game\textures">
      <UniqueIdentifier>{34987EE4-2027-08AE-C945-1CA9B5B31854}</UniqueIdentifier>
    </Filter>
    <Filter Include="assets\scenes">
      <UniqueIdentifier>{A88A821D-144B-FE53-DD85-47D149054330}</UniqueIdentifier>
    </Filter>
    <Filter Include="assets\shaders">
      <UniqueIdentifier>{51CD2FD9-3D9B-23DF-262F-9405129CFF43}</UniqueIdentifier>
    </Filter>
    <Filter Include="assets\textures">
      <UniqueIdentifier>{4B894D3B-B714-BBFF-C025-3EF42C301700}</UniqueIdentifier>
    </Filter>
    <Filter Include="src">
      <UniqueIdentifier>{2DAB880B-99B4-887C-2230-9F7C8E38947C}</UniqueIdentifier>
    </Filter>
    <Filter Include="src\Panels">
      <UniqueIdentifier>{DFE6F326-CB9E-3574-34A6-0ED0207DD064}</UniqueIdentifier>
    </Filter>
  </ItemGroup>
  <ItemGroup>
    <ClInclude Include="src\EditorLayer.h">
      <Filter>src</Filter>
    </ClInclude>
    <ClInclude Include="src\Panels\ContentBrowserPanel.h">
      <Filter>src\Panels</Filter>
    </ClInclude>
    <ClInclude Include="src\Panels\SceneHierarchyPanel.h">
      <Filter>src\Panels</Filter>
    </ClInclude>
    <ClInclude Include="src\ParticleSystem.h">
      <Filter>src</Filter>
    </ClInclude>
  </ItemGroup>
  <ItemGroup>
    <ClCompile Include="src\EditorLayer.cpp">
      <Filter>src</Filter>
    </ClCompile>
    <ClCompile Include="src\HRealEngineEditorApp.cpp">
      <Filter>src</Filter>
    </ClCompile>
    <ClCompile Include="src\Panels\ContentBrowserPanel.cpp">
      <Filter>src\Panels</Filter>
    </ClCompile>
    <ClCompile Include="src\Panels\SceneHierarchyPanel.cpp">
      <Filter>src\Panels</Filter>
    </ClCompile>
    <ClCompile Include="src\ParticleSystem.cpp">
      <Filter>src</Filter>
    </ClCompile>
  </ItemGroup>
  <ItemGroup>
    <None Include="assets\fonts\Bitcount\BitcountGridDouble-VariableFont_CRSV,ELSH,ELXP,slnt,wght.ttf">
      <Filter>assets\fonts\Bitcount</Filter>
    </None>
    <None Include="assets\fonts\Bitcount\OFL.txt">
      <Filter>assets\fonts\Bitcount</Filter>
    </None>
    <None Include="assets\fonts\Bitcount\README.txt">
      <Filter>assets\fonts\Bitcount</Filter>
    </None>
    <None Include="assets\fonts\Bitcount\static\BitcountGridDouble-Black.ttf">
      <Filter>assets\fonts\Bitcount\static</Filter>
    </None>
    <None Include="assets\fonts\Bitcount\static\BitcountGridDouble-Bold.ttf">
      <Filter>assets\fonts\Bitcount\static</Filter>
    </None>
    <None Include="assets\fonts\Bitcount\static\BitcountGridDouble-ExtraBold.ttf">
      <Filter>assets\fonts\Bitcount\static</Filter>
    </None>
    <None Include="assets\fonts\Bitcount\static\BitcountGridDouble-ExtraLight.ttf">
      <Filter>assets\fonts\Bitcount\static</Filter>
    </None>
    <None Include="assets\fonts\Bitcount\static\BitcountGridDouble-Light.ttf">
      <Filter>assets\fonts\Bitcount\static</Filter>
    </None>
    <None Include="assets\fonts\Bitcount\static\BitcountGridDouble-Medium.ttf">
      <Filter>assets\fonts\Bitcount\static</Filter>
    </None>
    <None Include="assets\fonts\Bitcount\static\BitcountGridDouble-Regular.ttf">
      <Filter>assets\fonts\Bitcount\static</Filter>
    </None>
    <None Include="assets\fonts\Bitcount\static\BitcountGridDouble-SemiBold.ttf">
      <Filter>assets\fonts\Bitcount\static</Filter>
    </None>
    <None Include="assets\fonts\Bitcount\static\BitcountGridDouble-Thin.ttf">
      <Filter>assets\fonts\Bitcount\static</Filter>
    </None>
    <None Include="assets\fonts\Bitcount\static\BitcountGridDouble_Cursive-Black.ttf">
      <Filter>assets\fonts\Bitcount\static</Filter>
    </None>
    <None Include="assets\fonts\Bitcount\static\BitcountGridDouble_Cursive-Bold.ttf">
      <Filter>assets\fonts\Bitcount\static</Filter>
    </None>
    <None Include="assets\fonts\Bitcount\static\BitcountGridDouble_Cursive-ExtraBold.ttf">
      <Filter>assets\fonts\Bitcount\static</Filter>
    </None>
    <None Include="assets\fonts\Bitcount\static\BitcountGridDouble_Cursive-ExtraLight.ttf">
      <Filter>assets\fonts\Bitcount\static</Filter>
    </None>
    <None Include="assets\fonts\Bitcount\static\BitcountGridDouble_Cursive-Light.ttf">
      <Filter>assets\fonts\Bitcount\static</Filter>
    </None>
    <None Include="assets\fonts\Bitcount\static\BitcountGridDouble_Cursive-Medium.ttf">
      <Filter>assets\fonts\Bitcount\static</Filter>
    </None>
    <None Include="assets\fonts\Bitcount\static\BitcountGridDouble_Cursive-Regular.ttf">
      <Filter>assets\fonts\Bitcount\static</Filter>
    </None>
    <None Include="assets\fonts\Bitcount\static\BitcountGridDouble_Cursive-SemiBold.ttf">
      <Filter>assets\fonts\Bitcount\static</Filter>
    </None>
    <None Include="assets\fonts\Bitcount\static\BitcountGridDouble_Cursive-Thin.ttf">
      <Filter>assets\fonts\Bitcount\static</Filter>
    </None>
    <None Include="assets\fonts\Bitcount\static\BitcountGridDouble_Roman-Black.ttf">
      <Filter>assets\fonts\Bitcount\static</Filter>
    </None>
    <None Include="assets\fonts\Bitcount\static\BitcountGridDouble_Roman-Bold.ttf">
      <Filter>assets\fonts\Bitcount\static</Filter>
    </None>
    <None Include="assets\fonts\Bitcount\static\BitcountGridDouble_Roman-ExtraBold.ttf">
      <Filter>assets\fonts\Bitcount\static</Filter>
    </None>
    <None Include="assets\fonts\Bitcount\static\BitcountGridDouble_Roman-ExtraLight.ttf">
      <Filter>assets\fonts\Bitcount\static</Filter>
    </None>
    <None Include="assets\fonts\Bitcount\static\BitcountGridDouble_Roman-Light.ttf">
      <Filter>assets\fonts\Bitcount\static</Filter>
    </None>
    <None Include="assets\fonts\Bitcount\static\BitcountGridDouble_Roman-Medium.ttf">
      <Filter>assets\fonts\Bitcount\static</Filter>
    </None>
    <None Include="assets\fonts\Bitcount\static\BitcountGridDouble_Roman-Regular.ttf">
      <Filter>assets\fonts\Bitcount\static</Filter>
    </None>
    <None Include="assets\fonts\Bitcount\static\BitcountGridDouble_Roman-SemiBold.ttf">
      <Filter>assets\fonts\Bitcount\static</Filter>
    </None>
    <None Include="assets\fonts\Bitcount\static\BitcountGridDouble_Roman-Thin.ttf">
      <Filter>assets\fonts\Bitcount\static</Filter>
    </None>
    <None Include="assets\fonts\Story_Script\OFL.txt">
      <Filter>assets\fonts\Story_Script</Filter>
    </None>
    <None Include="assets\fonts\Story_Script\StoryScript-Regular.ttf">
      <Filter>assets\fonts\Story_Script</Filter>
    </None>
    <None Include="assets\scenes\Example.hrs">
      <Filter>assets\scenes</Filter>
    </None>
    <None Include="assets\scenes\sadadas.hrs">
      <Filter>assets\scenes</Filter>
    </None>
    <None Include="assets\scenes\suprize.hrs">
      <Filter>assets\scenes</Filter>
    </None>
    <None Include="assets\scenes\test.hrs">
      <Filter>assets\scenes</Filter>
    </None>
    <None Include="assets\shaders\FlatColor.glsl">
      <Filter>assets\shaders</Filter>
    </None>
    <None Include="assets\shaders\Texture.glsl">
      <Filter>assets\shaders</Filter>
    </None>
  </ItemGroup>
  <ItemGroup>
    <Image Include="assets\game\textures\RPGpack_sheet_2X.png">
      <Filter>assets\game\textures</Filter>
    </Image>
    <Image Include="assets\textures\Checkerboard.png">
      <Filter>assets\textures</Filter>
    </Image>
    <Image Include="assets\textures\StartButton.png">
      <Filter>assets\textures</Filter>
    </Image>
    <Image Include="assets\textures\fileIcon.png">
      <Filter>assets\textures</Filter>
    </Image>
    <Image Include="assets\textures\folderIcon.png">
      <Filter>assets\textures</Filter>
    </Image>
    <Image Include="assets\textures\joseMourinho.png">
      <Filter>assets\textures</Filter>
    </Image>
    <Image Include="assets\textures\stopButton.png">
      <Filter>assets\textures</Filter>
    </Image>
  </ItemGroup>
</Project>